# This file is automatically @generated by Cargo.
# It is not intended for manual editing.
[[package]]
name = "english-numbers"
version = "0.3.3"
source = "registry+https://github.com/rust-lang/crates.io-index"
checksum = "4e4f5d6e192964d498b45abee72ca445e91909094bc8e8791259e82c2a0d1aa6"

[[package]]
name = "komron_17"
version = "0.1.0"
dependencies = [
 "english-numbers",
]
